
Microsoft Visual Studio Solution File, Format Version 12.00
# Visual Studio 15
VisualStudioVersion = 15.0.27428.2043
MinimumVisualStudioVersion = 10.0.40219.1
Project("{8BC9CEB8-8B4A-11D0-8D11-00A0C91BC942}") = "Ploe_sumOfDigits", "Ploe_sumOfDigits\Ploe_sumOfDigits.vcxproj", "{983BA7B5-DE93-49A2-AEDF-37297D9D9F47}"
EndProject
Global
	GlobalSection(SolutionConfigurationPlatforms) = preSolution
		Debug|x64 = Debug|x64
		Debug|x86 = Debug|x86
		Release|x64 = Release|x64
		Release|x86 = Release|x86
	EndGlobalSection
	GlobalSection(ProjectConfigurationPlatforms) = postSolution
		{983BA7B5-DE93-49A2-AEDF-37297D9D9F47}.Debug|x64.ActiveCfg = Debug|x64
		{983BA7B5-DE93-49A2-AEDF-37297D9D9F47}.Debug|x64.Build.0 = Debug|x64
		{983BA7B5-DE93-49A2-AEDF-37297D9D9F47}.Debug|x86.ActiveCfg = Debug|Win32
		{983BA7B5-DE93-49A2-AEDF-37297D9D9F47}.Debug|x86.Build.0 = Debug|Win32
		{983BA7B5-DE93-49A2-AEDF-37297D9D9F47}.Release|x64.ActiveCfg = Release|x64
		{983BA7B5-DE93-49A2-AEDF-37297D9D9F47}.Release|x64.Build.0 = Release|x64
		{983BA7B5-DE93-49A2-AEDF-37297D9D9F47}.Release|x86.ActiveCfg = Release|Win32
		{983BA7B5-DE93-49A2-AEDF-37297D9D9F47}.Release|x86.Build.0 = Release|Win32
	EndGlobalSection
	GlobalSection(SolutionProperties) = preSolution
		HideSolutionNode = FALSE
	EndGlobalSection
	GlobalSection(ExtensibilityGlobals) = postSolution
		SolutionGuid = {3C818500-2189-4A06-8B0F-83ABEF82246B}
	EndGlobalSection
EndGlobal
